
Microsoft Visual Studio Solution File, Format Version 12.00
Project("{FAE04EC0-301F-11D3-BF4B-00C04F79EFBC}") = "umf-lab2", "umf-lab2\umf-lab2.csproj", "{52FF6DBA-1CC8-4762-8A03-4B1C29D42F92}"
EndProject
Global
	GlobalSection(SolutionConfigurationPlatforms) = preSolution
		Debug|Any CPU = Debug|Any CPU
		Release|Any CPU = Release|Any CPU
	EndGlobalSection
	GlobalSection(ProjectConfigurationPlatforms) = postSolution
		{52FF6DBA-1CC8-4762-8A03-4B1C29D42F92}.Debug|Any CPU.ActiveCfg = Debug|Any CPU
		{52FF6DBA-1CC8-4762-8A03-4B1C29D42F92}.Debug|Any CPU.Build.0 = Debug|Any CPU
		{52FF6DBA-1CC8-4762-8A03-4B1C29D42F92}.Release|Any CPU.ActiveCfg = Release|Any CPU
		{52FF6DBA-1CC8-4762-8A03-4B1C29D42F92}.Release|Any CPU.Build.0 = Release|Any CPU
	EndGlobalSection
EndGlobal
